// !$*UTF8*$!
{
	archiveVersion = 1;
	classes = {
	};
	objectVersion = 55;
	objects = {

/* Begin PBXBuildFile section */
		8307F17B2817BDD700D3937F /* DailyBuckilApp.swift in Sources */ = {isa = PBXBuildFile; fileRef = 8307F17A2817BDD700D3937F /* DailyBuckilApp.swift */; };
		8307F17D2817BDD700D3937F /* ContentView.swift in Sources */ = {isa = PBXBuildFile; fileRef = 8307F17C2817BDD700D3937F /* ContentView.swift */; };
		8307F17F2817BDDA00D3937F /* Assets.xcassets in Resources */ = {isa = PBXBuildFile; fileRef = 8307F17E2817BDDA00D3937F /* Assets.xcassets */; };
		8307F1822817BDDA00D3937F /* Preview Assets.xcassets in Resources */ = {isa = PBXBuildFile; fileRef = 8307F1812817BDDA00D3937F /* Preview Assets.xcassets */; };
		8307F18C2817BDDA00D3937F /* DailyBuckilTests.swift in Sources */ = {isa = PBXBuildFile; fileRef = 8307F18B2817BDDA00D3937F /* DailyBuckilTests.swift */; };
		8307F1962817BDDA00D3937F /* DailyBuckilUITests.swift in Sources */ = {isa = PBXBuildFile; fileRef = 8307F1952817BDDA00D3937F /* DailyBuckilUITests.swift */; };
		8307F1982817BDDA00D3937F /* DailyBuckilUITestsLaunchTests.swift in Sources */ = {isa = PBXBuildFile; fileRef = 8307F1972817BDDA00D3937F /* DailyBuckilUITestsLaunchTests.swift */; };
		8307F1A52817BEAD00D3937F /* LaunchScreen.swift in Sources */ = {isa = PBXBuildFile; fileRef = 8307F1A42817BEAD00D3937F /* LaunchScreen.swift */; };
		8307F1AA2819230F00D3937F /* HomePage.swift in Sources */ = {isa = PBXBuildFile; fileRef = 8307F1A92819230F00D3937F /* HomePage.swift */; };
		8307F1AC2819358200D3937F /* AppData.swift in Sources */ = {isa = PBXBuildFile; fileRef = 8307F1AB2819358200D3937F /* AppData.swift */; };
		8307F1AE281A6A2E00D3937F /* HomePageNavigationBarView.swift in Sources */ = {isa = PBXBuildFile; fileRef = 8307F1AD281A6A2E00D3937F /* HomePageNavigationBarView.swift */; };
		8307F1B1281A74B400D3937F /* BebasNeue-Regular.ttf in Resources */ = {isa = PBXBuildFile; fileRef = 8307F1B0281A74B400D3937F /* BebasNeue-Regular.ttf */; };
		8307F1B2281A74B500D3937F /* BebasNeue-Regular.ttf in Resources */ = {isa = PBXBuildFile; fileRef = 8307F1B0281A74B400D3937F /* BebasNeue-Regular.ttf */; };
		8307F1B3281A74B500D3937F /* BebasNeue-Regular.ttf in Resources */ = {isa = PBXBuildFile; fileRef = 8307F1B0281A74B400D3937F /* BebasNeue-Regular.ttf */; };
		8307F1B5281A756000D3937F /* Lobster-Regular.ttf in Resources */ = {isa = PBXBuildFile; fileRef = 8307F1B4281A756000D3937F /* Lobster-Regular.ttf */; };
		8307F1B6281A756000D3937F /* Lobster-Regular.ttf in Resources */ = {isa = PBXBuildFile; fileRef = 8307F1B4281A756000D3937F /* Lobster-Regular.ttf */; };
		8307F1B7281A756000D3937F /* Lobster-Regular.ttf in Resources */ = {isa = PBXBuildFile; fileRef = 8307F1B4281A756000D3937F /* Lobster-Regular.ttf */; };
		8307F1B9281A756700D3937F /* WaterBrush-Regular.ttf in Resources */ = {isa = PBXBuildFile; fileRef = 8307F1B8281A756700D3937F /* WaterBrush-Regular.ttf */; };
		8307F1BA281A756700D3937F /* WaterBrush-Regular.ttf in Resources */ = {isa = PBXBuildFile; fileRef = 8307F1B8281A756700D3937F /* WaterBrush-Regular.ttf */; };
		8307F1BB281A756700D3937F /* WaterBrush-Regular.ttf in Resources */ = {isa = PBXBuildFile; fileRef = 8307F1B8281A756700D3937F /* WaterBrush-Regular.ttf */; };
		8307F1BD281A756E00D3937F /* Whisper-Regular.ttf in Resources */ = {isa = PBXBuildFile; fileRef = 8307F1BC281A756E00D3937F /* Whisper-Regular.ttf */; };
		8307F1BE281A756E00D3937F /* Whisper-Regular.ttf in Resources */ = {isa = PBXBuildFile; fileRef = 8307F1BC281A756E00D3937F /* Whisper-Regular.ttf */; };
		8307F1BF281A756E00D3937F /* Whisper-Regular.ttf in Resources */ = {isa = PBXBuildFile; fileRef = 8307F1BC281A756E00D3937F /* Whisper-Regular.ttf */; };
		8307F1C1281A798D00D3937F /* ShadowsIntoLight-Regular.ttf in Resources */ = {isa = PBXBuildFile; fileRef = 8307F1C0281A798C00D3937F /* ShadowsIntoLight-Regular.ttf */; };
		8307F1C2281A798D00D3937F /* ShadowsIntoLight-Regular.ttf in Resources */ = {isa = PBXBuildFile; fileRef = 8307F1C0281A798C00D3937F /* ShadowsIntoLight-Regular.ttf */; };
		8307F1C3281A798D00D3937F /* ShadowsIntoLight-Regular.ttf in Resources */ = {isa = PBXBuildFile; fileRef = 8307F1C0281A798C00D3937F /* ShadowsIntoLight-Regular.ttf */; };
		8307F1CA281AD6EE00D3937F /* Montserrat-VariableFont_wght.ttf in Resources */ = {isa = PBXBuildFile; fileRef = 8307F1C8281AD6EE00D3937F /* Montserrat-VariableFont_wght.ttf */; };
		8307F1CB281AD6EE00D3937F /* Montserrat-VariableFont_wght.ttf in Resources */ = {isa = PBXBuildFile; fileRef = 8307F1C8281AD6EE00D3937F /* Montserrat-VariableFont_wght.ttf */; };
		8307F1CC281AD6EE00D3937F /* Montserrat-VariableFont_wght.ttf in Resources */ = {isa = PBXBuildFile; fileRef = 8307F1C8281AD6EE00D3937F /* Montserrat-VariableFont_wght.ttf */; };
		8307F1CD281AD6EE00D3937F /* Montserrat-Italic-VariableFont_wght.ttf in Resources */ = {isa = PBXBuildFile; fileRef = 8307F1C9281AD6EE00D3937F /* Montserrat-Italic-VariableFont_wght.ttf */; };
		8307F1CE281AD6EE00D3937F /* Montserrat-Italic-VariableFont_wght.ttf in Resources */ = {isa = PBXBuildFile; fileRef = 8307F1C9281AD6EE00D3937F /* Montserrat-Italic-VariableFont_wght.ttf */; };
		8307F1CF281AD6EE00D3937F /* Montserrat-Italic-VariableFont_wght.ttf in Resources */ = {isa = PBXBuildFile; fileRef = 8307F1C9281AD6EE00D3937F /* Montserrat-Italic-VariableFont_wght.ttf */; };
		83857845281FEC7A002281F1 /* Weather2.swift in Sources */ = {isa = PBXBuildFile; fileRef = 83857844281FEC7A002281F1 /* Weather2.swift */; };
		83857846281FEC7A002281F1 /* Weather2.swift in Sources */ = {isa = PBXBuildFile; fileRef = 83857844281FEC7A002281F1 /* Weather2.swift */; };
		83857847281FEC7A002281F1 /* Weather2.swift in Sources */ = {isa = PBXBuildFile; fileRef = 83857844281FEC7A002281F1 /* Weather2.swift */; };
		83857849281FEDDE002281F1 /* Network.swift in Sources */ = {isa = PBXBuildFile; fileRef = 83857848281FEDDE002281F1 /* Network.swift */; };
		8385784A281FEDDE002281F1 /* Network.swift in Sources */ = {isa = PBXBuildFile; fileRef = 83857848281FEDDE002281F1 /* Network.swift */; };
		8385784B281FEDDE002281F1 /* Network.swift in Sources */ = {isa = PBXBuildFile; fileRef = 83857848281FEDDE002281F1 /* Network.swift */; };
		8385784D281FEE4B002281F1 /* WeatherAPIApp.swift in Sources */ = {isa = PBXBuildFile; fileRef = 8385784C281FEE4B002281F1 /* WeatherAPIApp.swift */; };
		8385784E281FEE4B002281F1 /* WeatherAPIApp.swift in Sources */ = {isa = PBXBuildFile; fileRef = 8385784C281FEE4B002281F1 /* WeatherAPIApp.swift */; };
		8385784F281FEE4B002281F1 /* WeatherAPIApp.swift in Sources */ = {isa = PBXBuildFile; fileRef = 8385784C281FEE4B002281F1 /* WeatherAPIApp.swift */; };
		8385785428213F3F002281F1 /* MultipleSelection.swift in Sources */ = {isa = PBXBuildFile; fileRef = 8385785328213F3F002281F1 /* MultipleSelection.swift */; };
		8385785528213F3F002281F1 /* MultipleSelection.swift in Sources */ = {isa = PBXBuildFile; fileRef = 8385785328213F3F002281F1 /* MultipleSelection.swift */; };
		8385785628213F3F002281F1 /* MultipleSelection.swift in Sources */ = {isa = PBXBuildFile; fileRef = 8385785328213F3F002281F1 /* MultipleSelection.swift */; };
		83D452C9281D7087009FAB30 /* ListViewModel.swift in Sources */ = {isa = PBXBuildFile; fileRef = 83D452C8281D7087009FAB30 /* ListViewModel.swift */; };
		83D452CA281D7087009FAB30 /* ListViewModel.swift in Sources */ = {isa = PBXBuildFile; fileRef = 83D452C8281D7087009FAB30 /* ListViewModel.swift */; };
		83D452CB281D7087009FAB30 /* ListViewModel.swift in Sources */ = {isa = PBXBuildFile; fileRef = 83D452C8281D7087009FAB30 /* ListViewModel.swift */; };
		83D452CD281D70E3009FAB30 /* ListView.swift in Sources */ = {isa = PBXBuildFile; fileRef = 83D452CC281D70E3009FAB30 /* ListView.swift */; };
		83D452CE281D70E3009FAB30 /* ListView.swift in Sources */ = {isa = PBXBuildFile; fileRef = 83D452CC281D70E3009FAB30 /* ListView.swift */; };
		83D452CF281D70E3009FAB30 /* ListView.swift in Sources */ = {isa = PBXBuildFile; fileRef = 83D452CC281D70E3009FAB30 /* ListView.swift */; };
		83D452D1281D71A6009FAB30 /* AppBarView.swift in Sources */ = {isa = PBXBuildFile; fileRef = 83D452D0281D71A6009FAB30 /* AppBarView.swift */; };
		83D452D2281D71A6009FAB30 /* AppBarView.swift in Sources */ = {isa = PBXBuildFile; fileRef = 83D452D0281D71A6009FAB30 /* AppBarView.swift */; };
		83D452D3281D71A6009FAB30 /* AppBarView.swift in Sources */ = {isa = PBXBuildFile; fileRef = 83D452D0281D71A6009FAB30 /* AppBarView.swift */; };
		83D452D5281D725D009FAB30 /* Extensions.swift in Sources */ = {isa = PBXBuildFile; fileRef = 83D452D4281D725D009FAB30 /* Extensions.swift */; };
		83D452D6281D725E009FAB30 /* Extensions.swift in Sources */ = {isa = PBXBuildFile; fileRef = 83D452D4281D725D009FAB30 /* Extensions.swift */; };
		83D452D7281D725E009FAB30 /* Extensions.swift in Sources */ = {isa = PBXBuildFile; fileRef = 83D452D4281D725D009FAB30 /* Extensions.swift */; };
		83D452D9281D72B3009FAB30 /* DailyView.swift in Sources */ = {isa = PBXBuildFile; fileRef = 83D452D8281D72B3009FAB30 /* DailyView.swift */; };
		83D452DA281D72B3009FAB30 /* DailyView.swift in Sources */ = {isa = PBXBuildFile; fileRef = 83D452D8281D72B3009FAB30 /* DailyView.swift */; };
		83D452DB281D72B3009FAB30 /* DailyView.swift in Sources */ = {isa = PBXBuildFile; fileRef = 83D452D8281D72B3009FAB30 /* DailyView.swift */; };
		83D45314281FD108009FAB30 /* DBdata.json in Resources */ = {isa = PBXBuildFile; fileRef = 83D452C7281BF8AC009FAB30 /* DBdata.json */; };
		83D45315281FD109009FAB30 /* DBdata.json in Resources */ = {isa = PBXBuildFile; fileRef = 83D452C7281BF8AC009FAB30 /* DBdata.json */; };
		83D45316281FD109009FAB30 /* DBdata.json in Resources */ = {isa = PBXBuildFile; fileRef = 83D452C7281BF8AC009FAB30 /* DBdata.json */; };
/* End PBXBuildFile section */

/* Begin PBXContainerItemProxy section */
		8307F1882817BDDA00D3937F /* PBXContainerItemProxy */ = {
			isa = PBXContainerItemProxy;
			containerPortal = 8307F16F2817BDD700D3937F /* Project object */;
			proxyType = 1;
			remoteGlobalIDString = 8307F1762817BDD700D3937F;
			remoteInfo = DailyBuckil;
		};
		8307F1922817BDDA00D3937F /* PBXContainerItemProxy */ = {
			isa = PBXContainerItemProxy;
			containerPortal = 8307F16F2817BDD700D3937F /* Project object */;
			proxyType = 1;
			remoteGlobalIDString = 8307F1762817BDD700D3937F;
			remoteInfo = DailyBuckil;
		};
/* End PBXContainerItemProxy section */

/* Begin PBXFileReference section */
		8307F1772817BDD700D3937F /* DailyBuckil.app */ = {isa = PBXFileReference; explicitFileType = wrapper.application; includeInIndex = 0; path = DailyBuckil.app; sourceTree = BUILT_PRODUCTS_DIR; };
		8307F17A2817BDD700D3937F /* DailyBuckilApp.swift */ = {isa = PBXFileReference; lastKnownFileType = sourcecode.swift; path = DailyBuckilApp.swift; sourceTree = "<group>"; };
		8307F17C2817BDD700D3937F /* ContentView.swift */ = {isa = PBXFileReference; lastKnownFileType = sourcecode.swift; path = ContentView.swift; sourceTree = "<group>"; };
		8307F17E2817BDDA00D3937F /* Assets.xcassets */ = {isa = PBXFileReference; lastKnownFileType = folder.assetcatalog; path = Assets.xcassets; sourceTree = "<group>"; };
		8307F1812817BDDA00D3937F /* Preview Assets.xcassets */ = {isa = PBXFileReference; lastKnownFileType = folder.assetcatalog; path = "Preview Assets.xcassets"; sourceTree = "<group>"; };
		8307F1872817BDDA00D3937F /* DailyBuckilTests.xctest */ = {isa = PBXFileReference; explicitFileType = wrapper.cfbundle; includeInIndex = 0; path = DailyBuckilTests.xctest; sourceTree = BUILT_PRODUCTS_DIR; };
		8307F18B2817BDDA00D3937F /* DailyBuckilTests.swift */ = {isa = PBXFileReference; lastKnownFileType = sourcecode.swift; path = DailyBuckilTests.swift; sourceTree = "<group>"; };
		8307F1912817BDDA00D3937F /* DailyBuckilUITests.xctest */ = {isa = PBXFileReference; explicitFileType = wrapper.cfbundle; includeInIndex = 0; path = DailyBuckilUITests.xctest; sourceTree = BUILT_PRODUCTS_DIR; };
		8307F1952817BDDA00D3937F /* DailyBuckilUITests.swift */ = {isa = PBXFileReference; lastKnownFileType = sourcecode.swift; path = DailyBuckilUITests.swift; sourceTree = "<group>"; };
		8307F1972817BDDA00D3937F /* DailyBuckilUITestsLaunchTests.swift */ = {isa = PBXFileReference; lastKnownFileType = sourcecode.swift; path = DailyBuckilUITestsLaunchTests.swift; sourceTree = "<group>"; };
		8307F1A42817BEAD00D3937F /* LaunchScreen.swift */ = {isa = PBXFileReference; lastKnownFileType = sourcecode.swift; path = LaunchScreen.swift; sourceTree = "<group>"; };
		8307F1A628180EF500D3937F /* Info.plist */ = {isa = PBXFileReference; lastKnownFileType = text.plist.xml; path = Info.plist; sourceTree = "<group>"; };
		8307F1A92819230F00D3937F /* HomePage.swift */ = {isa = PBXFileReference; lastKnownFileType = sourcecode.swift; path = HomePage.swift; sourceTree = "<group>"; };
		8307F1AB2819358200D3937F /* AppData.swift */ = {isa = PBXFileReference; lastKnownFileType = sourcecode.swift; path = AppData.swift; sourceTree = "<group>"; };
		8307F1AD281A6A2E00D3937F /* HomePageNavigationBarView.swift */ = {isa = PBXFileReference; lastKnownFileType = sourcecode.swift; path = HomePageNavigationBarView.swift; sourceTree = "<group>"; };
		8307F1B0281A74B400D3937F /* BebasNeue-Regular.ttf */ = {isa = PBXFileReference; lastKnownFileType = file; name = "BebasNeue-Regular.ttf"; path = "../../../../Downloads/Bebas_Neue,Lobster,Water_Brush,Whisper/Bebas_Neue/BebasNeue-Regular.ttf"; sourceTree = "<group>"; };
		8307F1B4281A756000D3937F /* Lobster-Regular.ttf */ = {isa = PBXFileReference; lastKnownFileType = file; name = "Lobster-Regular.ttf"; path = "../../../../Downloads/Bebas_Neue,Lobster,Water_Brush,Whisper/Lobster/Lobster-Regular.ttf"; sourceTree = "<group>"; };
		8307F1B8281A756700D3937F /* WaterBrush-Regular.ttf */ = {isa = PBXFileReference; lastKnownFileType = file; name = "WaterBrush-Regular.ttf"; path = "../../../../Downloads/Bebas_Neue,Lobster,Water_Brush,Whisper/Water_Brush/WaterBrush-Regular.ttf"; sourceTree = "<group>"; };
		8307F1BC281A756E00D3937F /* Whisper-Regular.ttf */ = {isa = PBXFileReference; lastKnownFileType = file; name = "Whisper-Regular.ttf"; path = "../../../../Downloads/Bebas_Neue,Lobster,Water_Brush,Whisper/Whisper/Whisper-Regular.ttf"; sourceTree = "<group>"; };
		8307F1C0281A798C00D3937F /* ShadowsIntoLight-Regular.ttf */ = {isa = PBXFileReference; lastKnownFileType = file; name = "ShadowsIntoLight-Regular.ttf"; path = "../../../../Downloads/Shadows_Into_Light/ShadowsIntoLight-Regular.ttf"; sourceTree = "<group>"; };
		8307F1C8281AD6EE00D3937F /* Montserrat-VariableFont_wght.ttf */ = {isa = PBXFileReference; lastKnownFileType = file; name = "Montserrat-VariableFont_wght.ttf"; path = "../../../../Desktop/Montserrat/Montserrat-VariableFont_wght.ttf"; sourceTree = "<group>"; };
		8307F1C9281AD6EE00D3937F /* Montserrat-Italic-VariableFont_wght.ttf */ = {isa = PBXFileReference; lastKnownFileType = file; name = "Montserrat-Italic-VariableFont_wght.ttf"; path = "../../../../Desktop/Montserrat/Montserrat-Italic-VariableFont_wght.ttf"; sourceTree = "<group>"; };
		83857844281FEC7A002281F1 /* Weather2.swift */ = {isa = PBXFileReference; lastKnownFileType = sourcecode.swift; path = Weather2.swift; sourceTree = "<group>"; };
		83857848281FEDDE002281F1 /* Network.swift */ = {isa = PBXFileReference; lastKnownFileType = sourcecode.swift; path = Network.swift; sourceTree = "<group>"; };
		8385784C281FEE4B002281F1 /* WeatherAPIApp.swift */ = {isa = PBXFileReference; lastKnownFileType = sourcecode.swift; path = WeatherAPIApp.swift; sourceTree = "<group>"; };
		8385785328213F3F002281F1 /* MultipleSelection.swift */ = {isa = PBXFileReference; lastKnownFileType = sourcecode.swift; path = MultipleSelection.swift; sourceTree = "<group>"; };
		83D452C7281BF8AC009FAB30 /* DBdata.json */ = {isa = PBXFileReference; lastKnownFileType = text.json; path = DBdata.json; sourceTree = "<group>"; };
		83D452C8281D7087009FAB30 /* ListViewModel.swift */ = {isa = PBXFileReference; lastKnownFileType = sourcecode.swift; path = ListViewModel.swift; sourceTree = "<group>"; };
		83D452CC281D70E3009FAB30 /* ListView.swift */ = {isa = PBXFileReference; lastKnownFileType = sourcecode.swift; path = ListView.swift; sourceTree = "<group>"; };
		83D452D0281D71A6009FAB30 /* AppBarView.swift */ = {isa = PBXFileReference; lastKnownFileType = sourcecode.swift; path = AppBarView.swift; sourceTree = "<group>"; };
		83D452D4281D725D009FAB30 /* Extensions.swift */ = {isa = PBXFileReference; lastKnownFileType = sourcecode.swift; path = Extensions.swift; sourceTree = "<group>"; };
		83D452D8281D72B3009FAB30 /* DailyView.swift */ = {isa = PBXFileReference; lastKnownFileType = sourcecode.swift; path = DailyView.swift; sourceTree = "<group>"; };
/* End PBXFileReference section */

/* Begin PBXFrameworksBuildPhase section */
		8307F1742817BDD700D3937F /* Frameworks */ = {
			isa = PBXFrameworksBuildPhase;
			buildActionMask = 2147483647;
			files = (
			);
			runOnlyForDeploymentPostprocessing = 0;
		};
		8307F1842817BDDA00D3937F /* Frameworks */ = {
			isa = PBXFrameworksBuildPhase;
			buildActionMask = 2147483647;
			files = (
			);
			runOnlyForDeploymentPostprocessing = 0;
		};
		8307F18E2817BDDA00D3937F /* Frameworks */ = {
			isa = PBXFrameworksBuildPhase;
			buildActionMask = 2147483647;
			files = (
			);
			runOnlyForDeploymentPostprocessing = 0;
		};
/* End PBXFrameworksBuildPhase section */

/* Begin PBXGroup section */
		8307F16E2817BDD700D3937F = {
			isa = PBXGroup;
			children = (
				8385785128213AB5002281F1 /* List */,
				8385785028213A97002281F1 /* Weather */,
				83D452D4281D725D009FAB30 /* Extensions.swift */,
				8307F1AF281A746800D3937F /* font */,
				8307F1792817BDD700D3937F /* DailyBuckil */,
				8307F18A2817BDDA00D3937F /* DailyBuckilTests */,
				8307F1942817BDDA00D3937F /* DailyBuckilUITests */,
				8307F1782817BDD700D3937F /* Products */,
			);
			sourceTree = "<group>";
		};
		8307F1782817BDD700D3937F /* Products */ = {
			isa = PBXGroup;
			children = (
				8307F1772817BDD700D3937F /* DailyBuckil.app */,
				8307F1872817BDDA00D3937F /* DailyBuckilTests.xctest */,
				8307F1912817BDDA00D3937F /* DailyBuckilUITests.xctest */,
			);
			name = Products;
			sourceTree = "<group>";
		};
		8307F1792817BDD700D3937F /* DailyBuckil */ = {
			isa = PBXGroup;
			children = (
				8307F17E2817BDDA00D3937F /* Assets.xcassets */,
				8307F1A628180EF500D3937F /* Info.plist */,
				8307F17A2817BDD700D3937F /* DailyBuckilApp.swift */,
				8307F17C2817BDD700D3937F /* ContentView.swift */,
				8307F1802817BDDA00D3937F /* Preview Content */,
				8307F1A42817BEAD00D3937F /* LaunchScreen.swift */,
				8307F1A92819230F00D3937F /* HomePage.swift */,
				8307F1AB2819358200D3937F /* AppData.swift */,
				8307F1AD281A6A2E00D3937F /* HomePageNavigationBarView.swift */,
			);
			path = DailyBuckil;
			sourceTree = "<group>";
		};
		8307F1802817BDDA00D3937F /* Preview Content */ = {
			isa = PBXGroup;
			children = (
				8307F1812817BDDA00D3937F /* Preview Assets.xcassets */,
			);
			path = "Preview Content";
			sourceTree = "<group>";
		};
		8307F18A2817BDDA00D3937F /* DailyBuckilTests */ = {
			isa = PBXGroup;
			children = (
				8307F18B2817BDDA00D3937F /* DailyBuckilTests.swift */,
			);
			path = DailyBuckilTests;
			sourceTree = "<group>";
		};
		8307F1942817BDDA00D3937F /* DailyBuckilUITests */ = {
			isa = PBXGroup;
			children = (
				8307F1952817BDDA00D3937F /* DailyBuckilUITests.swift */,
				8307F1972817BDDA00D3937F /* DailyBuckilUITestsLaunchTests.swift */,
			);
			path = DailyBuckilUITests;
			sourceTree = "<group>";
		};
		8307F1AF281A746800D3937F /* font */ = {
			isa = PBXGroup;
			children = (
				8307F1C9281AD6EE00D3937F /* Montserrat-Italic-VariableFont_wght.ttf */,
				8307F1C8281AD6EE00D3937F /* Montserrat-VariableFont_wght.ttf */,
				8307F1C0281A798C00D3937F /* ShadowsIntoLight-Regular.ttf */,
				8307F1BC281A756E00D3937F /* Whisper-Regular.ttf */,
				8307F1B8281A756700D3937F /* WaterBrush-Regular.ttf */,
				8307F1B4281A756000D3937F /* Lobster-Regular.ttf */,
				8307F1B0281A74B400D3937F /* BebasNeue-Regular.ttf */,
			);
			path = font;
			sourceTree = "<group>";
		};
		8385785028213A97002281F1 /* Weather */ = {
			isa = PBXGroup;
			children = (
				83857844281FEC7A002281F1 /* Weather2.swift */,
				8385784C281FEE4B002281F1 /* WeatherAPIApp.swift */,
				83857848281FEDDE002281F1 /* Network.swift */,
			);
			path = Weather;
			sourceTree = "<group>";
		};
		8385785128213AB5002281F1 /* List */ = {
			isa = PBXGroup;
			children = (
				83D452C7281BF8AC009FAB30 /* DBdata.json */,
				83D452D8281D72B3009FAB30 /* DailyView.swift */,
				83D452D0281D71A6009FAB30 /* AppBarView.swift */,
				83D452C8281D7087009FAB30 /* ListViewModel.swift */,
				83D452CC281D70E3009FAB30 /* ListView.swift */,
				8385785328213F3F002281F1 /* MultipleSelection.swift */,
			);
			path = List;
			sourceTree = "<group>";
		};
/* End PBXGroup section */

/* Begin PBXNativeTarget section */
		8307F1762817BDD700D3937F /* DailyBuckil */ = {
			isa = PBXNativeTarget;
			buildConfigurationList = 8307F19B2817BDDA00D3937F /* Build configuration list for PBXNativeTarget "DailyBuckil" */;
			buildPhases = (
				8307F1732817BDD700D3937F /* Sources */,
				8307F1742817BDD700D3937F /* Frameworks */,
				8307F1752817BDD700D3937F /* Resources */,
			);
			buildRules = (
			);
			dependencies = (
			);
			name = DailyBuckil;
			productName = DailyBuckil;
			productReference = 8307F1772817BDD700D3937F /* DailyBuckil.app */;
			productType = "com.apple.product-type.application";
		};
		8307F1862817BDDA00D3937F /* DailyBuckilTests */ = {
			isa = PBXNativeTarget;
			buildConfigurationList = 8307F19E2817BDDA00D3937F /* Build configuration list for PBXNativeTarget "DailyBuckilTests" */;
			buildPhases = (
				8307F1832817BDDA00D3937F /* Sources */,
				8307F1842817BDDA00D3937F /* Frameworks */,
				8307F1852817BDDA00D3937F /* Resources */,
			);
			buildRules = (
			);
			dependencies = (
				8307F1892817BDDA00D3937F /* PBXTargetDependency */,
			);
			name = DailyBuckilTests;
			productName = DailyBuckilTests;
			productReference = 8307F1872817BDDA00D3937F /* DailyBuckilTests.xctest */;
			productType = "com.apple.product-type.bundle.unit-test";
		};
		8307F1902817BDDA00D3937F /* DailyBuckilUITests */ = {
			isa = PBXNativeTarget;
			buildConfigurationList = 8307F1A12817BDDA00D3937F /* Build configuration list for PBXNativeTarget "DailyBuckilUITests" */;
			buildPhases = (
				8307F18D2817BDDA00D3937F /* Sources */,
				8307F18E2817BDDA00D3937F /* Frameworks */,
				8307F18F2817BDDA00D3937F /* Resources */,
			);
			buildRules = (
			);
			dependencies = (
				8307F1932817BDDA00D3937F /* PBXTargetDependency */,
			);
			name = DailyBuckilUITests;
			productName = DailyBuckilUITests;
			productReference = 8307F1912817BDDA00D3937F /* DailyBuckilUITests.xctest */;
			productType = "com.apple.product-type.bundle.ui-testing";
		};
/* End PBXNativeTarget section */

/* Begin PBXProject section */
		8307F16F2817BDD700D3937F /* Project object */ = {
			isa = PBXProject;
			attributes = {
				BuildIndependentTargetsInParallel = 1;
				LastSwiftUpdateCheck = 1330;
				LastUpgradeCheck = 1330;
				TargetAttributes = {
					8307F1762817BDD700D3937F = {
						CreatedOnToolsVersion = 13.3.1;
					};
					8307F1862817BDDA00D3937F = {
						CreatedOnToolsVersion = 13.3.1;
						TestTargetID = 8307F1762817BDD700D3937F;
					};
					8307F1902817BDDA00D3937F = {
						CreatedOnToolsVersion = 13.3.1;
						TestTargetID = 8307F1762817BDD700D3937F;
					};
				};
			};
			buildConfigurationList = 8307F1722817BDD700D3937F /* Build configuration list for PBXProject "DailyBuckil" */;
			compatibilityVersion = "Xcode 13.0";
			developmentRegion = en;
			hasScannedForEncodings = 0;
			knownRegions = (
				en,
				Base,
			);
			mainGroup = 8307F16E2817BDD700D3937F;
			productRefGroup = 8307F1782817BDD700D3937F /* Products */;
			projectDirPath = "";
			projectRoot = "";
			targets = (
				8307F1762817BDD700D3937F /* DailyBuckil */,
				8307F1862817BDDA00D3937F /* DailyBuckilTests */,
				8307F1902817BDDA00D3937F /* DailyBuckilUITests */,
			);
		};
/* End PBXProject section */

/* Begin PBXResourcesBuildPhase section */
		8307F1752817BDD700D3937F /* Resources */ = {
			isa = PBXResourcesBuildPhase;
			buildActionMask = 2147483647;
			files = (
				8307F1BD281A756E00D3937F /* Whisper-Regular.ttf in Resources */,
				8307F1822817BDDA00D3937F /* Preview Assets.xcassets in Resources */,
				8307F1B5281A756000D3937F /* Lobster-Regular.ttf in Resources */,
				8307F17F2817BDDA00D3937F /* Assets.xcassets in Resources */,
				8307F1CD281AD6EE00D3937F /* Montserrat-Italic-VariableFont_wght.ttf in Resources */,
				83D45314281FD108009FAB30 /* DBdata.json in Resources */,
				8307F1CA281AD6EE00D3937F /* Montserrat-VariableFont_wght.ttf in Resources */,
				8307F1B9281A756700D3937F /* WaterBrush-Regular.ttf in Resources */,
				8307F1B1281A74B400D3937F /* BebasNeue-Regular.ttf in Resources */,
				8307F1C1281A798D00D3937F /* ShadowsIntoLight-Regular.ttf in Resources */,
			);
			runOnlyForDeploymentPostprocessing = 0;
		};
		8307F1852817BDDA00D3937F /* Resources */ = {
			isa = PBXResourcesBuildPhase;
			buildActionMask = 2147483647;
			files = (
				8307F1BE281A756E00D3937F /* Whisper-Regular.ttf in Resources */,
				8307F1C2281A798D00D3937F /* ShadowsIntoLight-Regular.ttf in Resources */,
				8307F1B2281A74B500D3937F /* BebasNeue-Regular.ttf in Resources */,
				83D45315281FD109009FAB30 /* DBdata.json in Resources */,
				8307F1CE281AD6EE00D3937F /* Montserrat-Italic-VariableFont_wght.ttf in Resources */,
				8307F1BA281A756700D3937F /* WaterBrush-Regular.ttf in Resources */,
				8307F1CB281AD6EE00D3937F /* Montserrat-VariableFont_wght.ttf in Resources */,
				8307F1B6281A756000D3937F /* Lobster-Regular.ttf in Resources */,
			);
			runOnlyForDeploymentPostprocessing = 0;
		};
		8307F18F2817BDDA00D3937F /* Resources */ = {
			isa = PBXResourcesBuildPhase;
			buildActionMask = 2147483647;
			files = (
				8307F1BF281A756E00D3937F /* Whisper-Regular.ttf in Resources */,
				8307F1C3281A798D00D3937F /* ShadowsIntoLight-Regular.ttf in Resources */,
				8307F1B3281A74B500D3937F /* BebasNeue-Regular.ttf in Resources */,
				83D45316281FD109009FAB30 /* DBdata.json in Resources */,
				8307F1CF281AD6EE00D3937F /* Montserrat-Italic-VariableFont_wght.ttf in Resources */,
				8307F1BB281A756700D3937F /* WaterBrush-Regular.ttf in Resources */,
				8307F1CC281AD6EE00D3937F /* Montserrat-VariableFont_wght.ttf in Resources */,
				8307F1B7281A756000D3937F /* Lobster-Regular.ttf in Resources */,
			);
			runOnlyForDeploymentPostprocessing = 0;
		};
/* End PBXResourcesBuildPhase section */

/* Begin PBXSourcesBuildPhase section */
		8307F1732817BDD700D3937F /* Sources */ = {
			isa = PBXSourcesBuildPhase;
			buildActionMask = 2147483647;
			files = (
				83D452D1281D71A6009FAB30 /* AppBarView.swift in Sources */,
				8307F17D2817BDD700D3937F /* ContentView.swift in Sources */,
				83D452CD281D70E3009FAB30 /* ListView.swift in Sources */,
				8307F17B2817BDD700D3937F /* DailyBuckilApp.swift in Sources */,
				8385785428213F3F002281F1 /* MultipleSelection.swift in Sources */,
				83857849281FEDDE002281F1 /* Network.swift in Sources */,
				83D452D9281D72B3009FAB30 /* DailyView.swift in Sources */,
				83857845281FEC7A002281F1 /* Weather2.swift in Sources */,
				8307F1A52817BEAD00D3937F /* LaunchScreen.swift in Sources */,
				8385784D281FEE4B002281F1 /* WeatherAPIApp.swift in Sources */,
				83D452C9281D7087009FAB30 /* ListViewModel.swift in Sources */,
				8307F1AA2819230F00D3937F /* HomePage.swift in Sources */,
				8307F1AC2819358200D3937F /* AppData.swift in Sources */,
				8307F1AE281A6A2E00D3937F /* HomePageNavigationBarView.swift in Sources */,
				83D452D5281D725D009FAB30 /* Extensions.swift in Sources */,
			);
			runOnlyForDeploymentPostprocessing = 0;
		};
		8307F1832817BDDA00D3937F /* Sources */ = {
			isa = PBXSourcesBuildPhase;
			buildActionMask = 2147483647;
			files = (
				8385785528213F3F002281F1 /* MultipleSelection.swift in Sources */,
				8385784A281FEDDE002281F1 /* Network.swift in Sources */,
				8307F18C2817BDDA00D3937F /* DailyBuckilTests.swift in Sources */,
				83D452DA281D72B3009FAB30 /* DailyView.swift in Sources */,
				83D452D2281D71A6009FAB30 /* AppBarView.swift in Sources */,
				83857846281FEC7A002281F1 /* Weather2.swift in Sources */,
				83D452D6281D725E009FAB30 /* Extensions.swift in Sources */,
				83D452CE281D70E3009FAB30 /* ListView.swift in Sources */,
				83D452CA281D7087009FAB30 /* ListViewModel.swift in Sources */,
				8385784E281FEE4B002281F1 /* WeatherAPIApp.swift in Sources */,
			);
			runOnlyForDeploymentPostprocessing = 0;
		};
		8307F18D2817BDDA00D3937F /* Sources */ = {
			isa = PBXSourcesBuildPhase;
			buildActionMask = 2147483647;
			files = (
				8385785628213F3F002281F1 /* MultipleSelection.swift in Sources */,
				83D452CB281D7087009FAB30 /* ListViewModel.swift in Sources */,
				83D452CF281D70E3009FAB30 /* ListView.swift in Sources */,
				83D452D7281D725E009FAB30 /* Extensions.swift in Sources */,
				83857847281FEC7A002281F1 /* Weather2.swift in Sources */,
				8385784F281FEE4B002281F1 /* WeatherAPIApp.swift in Sources */,
				8385784B281FEDDE002281F1 /* Network.swift in Sources */,
				8307F1982817BDDA00D3937F /* DailyBuckilUITestsLaunchTests.swift in Sources */,
				8307F1962817BDDA00D3937F /* DailyBuckilUITests.swift in Sources */,
				83D452DB281D72B3009FAB30 /* DailyView.swift in Sources */,
				83D452D3281D71A6009FAB30 /* AppBarView.swift in Sources */,
			);
			runOnlyForDeploymentPostprocessing = 0;
		};
/* End PBXSourcesBuildPhase section */

/* Begin PBXTargetDependency section */
		8307F1892817BDDA00D3937F /* PBXTargetDependency */ = {
			isa = PBXTargetDependency;
			target = 8307F1762817BDD700D3937F /* DailyBuckil */;
			targetProxy = 8307F1882817BDDA00D3937F /* PBXContainerItemProxy */;
		};
		8307F1932817BDDA00D3937F /* PBXTargetDependency */ = {
			isa = PBXTargetDependency;
			target = 8307F1762817BDD700D3937F /* DailyBuckil */;
			targetProxy = 8307F1922817BDDA00D3937F /* PBXContainerItemProxy */;
		};
/* End PBXTargetDependency section */

/* Begin XCBuildConfiguration section */
		8307F1992817BDDA00D3937F /* Debug */ = {
			isa = XCBuildConfiguration;
			buildSettings = {
				ALWAYS_SEARCH_USER_PATHS = NO;
				CLANG_ANALYZER_NONNULL = YES;
				CLANG_ANALYZER_NUMBER_OBJECT_CONVERSION = YES_AGGRESSIVE;
				CLANG_CXX_LANGUAGE_STANDARD = "gnu++17";
				CLANG_ENABLE_MODULES = YES;
				CLANG_ENABLE_OBJC_ARC = YES;
				CLANG_ENABLE_OBJC_WEAK = YES;
				CLANG_WARN_BLOCK_CAPTURE_AUTORELEASING = YES;
				CLANG_WARN_BOOL_CONVERSION = YES;
				CLANG_WARN_COMMA = YES;
				CLANG_WARN_CONSTANT_CONVERSION = YES;
				CLANG_WARN_DEPRECATED_OBJC_IMPLEMENTATIONS = YES;
				CLANG_WARN_DIRECT_OBJC_ISA_USAGE = YES_ERROR;
				CLANG_WARN_DOCUMENTATION_COMMENTS = YES;
				CLANG_WARN_EMPTY_BODY = YES;
				CLANG_WARN_ENUM_CONVERSION = YES;
				CLANG_WARN_INFINITE_RECURSION = YES;
				CLANG_WARN_INT_CONVERSION = YES;
				CLANG_WARN_NON_LITERAL_NULL_CONVERSION = YES;
				CLANG_WARN_OBJC_IMPLICIT_RETAIN_SELF = YES;
				CLANG_WARN_OBJC_LITERAL_CONVERSION = YES;
				CLANG_WARN_OBJC_ROOT_CLASS = YES_ERROR;
				CLANG_WARN_QUOTED_INCLUDE_IN_FRAMEWORK_HEADER = YES;
				CLANG_WARN_RANGE_LOOP_ANALYSIS = YES;
				CLANG_WARN_STRICT_PROTOTYPES = YES;
				CLANG_WARN_SUSPICIOUS_MOVE = YES;
				CLANG_WARN_UNGUARDED_AVAILABILITY = YES_AGGRESSIVE;
				CLANG_WARN_UNREACHABLE_CODE = YES;
				CLANG_WARN__DUPLICATE_METHOD_MATCH = YES;
				COPY_PHASE_STRIP = NO;
				DEBUG_INFORMATION_FORMAT = dwarf;
				ENABLE_STRICT_OBJC_MSGSEND = YES;
				ENABLE_TESTABILITY = YES;
				GCC_C_LANGUAGE_STANDARD = gnu11;
				GCC_DYNAMIC_NO_PIC = NO;
				GCC_NO_COMMON_BLOCKS = YES;
				GCC_OPTIMIZATION_LEVEL = 0;
				GCC_PREPROCESSOR_DEFINITIONS = (
					"DEBUG=1",
					"$(inherited)",
				);
				GCC_WARN_64_TO_32_BIT_CONVERSION = YES;
				GCC_WARN_ABOUT_RETURN_TYPE = YES_ERROR;
				GCC_WARN_UNDECLARED_SELECTOR = YES;
				GCC_WARN_UNINITIALIZED_AUTOS = YES_AGGRESSIVE;
				GCC_WARN_UNUSED_FUNCTION = YES;
				GCC_WARN_UNUSED_VARIABLE = YES;
				IPHONEOS_DEPLOYMENT_TARGET = 15.4;
				MTL_ENABLE_DEBUG_INFO = INCLUDE_SOURCE;
				MTL_FAST_MATH = YES;
				ONLY_ACTIVE_ARCH = YES;
				SDKROOT = iphoneos;
				SWIFT_ACTIVE_COMPILATION_CONDITIONS = DEBUG;
				SWIFT_OPTIMIZATION_LEVEL = "-Onone";
			};
			name = Debug;
		};
		8307F19A2817BDDA00D3937F /* Release */ = {
			isa = XCBuildConfiguration;
			buildSettings = {
				ALWAYS_SEARCH_USER_PATHS = NO;
				CLANG_ANALYZER_NONNULL = YES;
				CLANG_ANALYZER_NUMBER_OBJECT_CONVERSION = YES_AGGRESSIVE;
				CLANG_CXX_LANGUAGE_STANDARD = "gnu++17";
				CLANG_ENABLE_MODULES = YES;
				CLANG_ENABLE_OBJC_ARC = YES;
				CLANG_ENABLE_OBJC_WEAK = YES;
				CLANG_WARN_BLOCK_CAPTURE_AUTORELEASING = YES;
				CLANG_WARN_BOOL_CONVERSION = YES;
				CLANG_WARN_COMMA = YES;
				CLANG_WARN_CONSTANT_CONVERSION = YES;
				CLANG_WARN_DEPRECATED_OBJC_IMPLEMENTATIONS = YES;
				CLANG_WARN_DIRECT_OBJC_ISA_USAGE = YES_ERROR;
				CLANG_WARN_DOCUMENTATION_COMMENTS = YES;
				CLANG_WARN_EMPTY_BODY = YES;
				CLANG_WARN_ENUM_CONVERSION = YES;
				CLANG_WARN_INFINITE_RECURSION = YES;
				CLANG_WARN_INT_CONVERSION = YES;
				CLANG_WARN_NON_LITERAL_NULL_CONVERSION = YES;
				CLANG_WARN_OBJC_IMPLICIT_RETAIN_SELF = YES;
				CLANG_WARN_OBJC_LITERAL_CONVERSION = YES;
				CLANG_WARN_OBJC_ROOT_CLASS = YES_ERROR;
				CLANG_WARN_QUOTED_INCLUDE_IN_FRAMEWORK_HEADER = YES;
				CLANG_WARN_RANGE_LOOP_ANALYSIS = YES;
				CLANG_WARN_STRICT_PROTOTYPES = YES;
				CLANG_WARN_SUSPICIOUS_MOVE = YES;
				CLANG_WARN_UNGUARDED_AVAILABILITY = YES_AGGRESSIVE;
				CLANG_WARN_UNREACHABLE_CODE = YES;
				CLANG_WARN__DUPLICATE_METHOD_MATCH = YES;
				COPY_PHASE_STRIP = NO;
				DEBUG_INFORMATION_FORMAT = "dwarf-with-dsym";
				ENABLE_NS_ASSERTIONS = NO;
				ENABLE_STRICT_OBJC_MSGSEND = YES;
				GCC_C_LANGUAGE_STANDARD = gnu11;
				GCC_NO_COMMON_BLOCKS = YES;
				GCC_WARN_64_TO_32_BIT_CONVERSION = YES;
				GCC_WARN_ABOUT_RETURN_TYPE = YES_ERROR;
				GCC_WARN_UNDECLARED_SELECTOR = YES;
				GCC_WARN_UNINITIALIZED_AUTOS = YES_AGGRESSIVE;
				GCC_WARN_UNUSED_FUNCTION = YES;
				GCC_WARN_UNUSED_VARIABLE = YES;
				IPHONEOS_DEPLOYMENT_TARGET = 15.4;
				MTL_ENABLE_DEBUG_INFO = NO;
				MTL_FAST_MATH = YES;
				SDKROOT = iphoneos;
				SWIFT_COMPILATION_MODE = wholemodule;
				SWIFT_OPTIMIZATION_LEVEL = "-O";
				VALIDATE_PRODUCT = YES;
			};
			name = Release;
		};
		8307F19C2817BDDA00D3937F /* Debug */ = {
			isa = XCBuildConfiguration;
			buildSettings = {
				ASSETCATALOG_COMPILER_APPICON_NAME = AppIcon;
				ASSETCATALOG_COMPILER_GLOBAL_ACCENT_COLOR_NAME = AccentColor;
				CODE_SIGN_STYLE = Automatic;
				CURRENT_PROJECT_VERSION = 1;
				DEVELOPMENT_ASSET_PATHS = "\"DailyBuckil/Preview Content\"";
				ENABLE_PREVIEWS = YES;
				GENERATE_INFOPLIST_FILE = YES;
				INFOPLIST_FILE = DailyBuckil/Info.plist;
				INFOPLIST_KEY_UIApplicationSceneManifest_Generation = YES;
				INFOPLIST_KEY_UIApplicationSupportsIndirectInputEvents = YES;
				INFOPLIST_KEY_UISupportedInterfaceOrientations_iPad = "UIInterfaceOrientationPortrait UIInterfaceOrientationPortraitUpsideDown UIInterfaceOrientationLandscapeLeft UIInterfaceOrientationLandscapeRight";
				INFOPLIST_KEY_UISupportedInterfaceOrientations_iPhone = "UIInterfaceOrientationPortrait UIInterfaceOrientationLandscapeLeft UIInterfaceOrientationLandscapeRight";
				LD_RUNPATH_SEARCH_PATHS = (
					"$(inherited)",
					"@executable_path/Frameworks",
				);
				MARKETING_VERSION = 1.0;
				PRODUCT_BUNDLE_IDENTIFIER = com.Buckil.DailyBuckil;
				PRODUCT_NAME = "$(TARGET_NAME)";
				SWIFT_EMIT_LOC_STRINGS = YES;
				SWIFT_VERSION = 5.0;
				TARGETED_DEVICE_FAMILY = "1,2";
			};
			name = Debug;
		};
		8307F19D2817BDDA00D3937F /* Release */ = {
			isa = XCBuildConfiguration;
			buildSettings = {
				ASSETCATALOG_COMPILER_APPICON_NAME = AppIcon;
				ASSETCATALOG_COMPILER_GLOBAL_ACCENT_COLOR_NAME = AccentColor;
				CODE_SIGN_STYLE = Automatic;
				CURRENT_PROJECT_VERSION = 1;
				DEVELOPMENT_ASSET_PATHS = "\"DailyBuckil/Preview Content\"";
				ENABLE_PREVIEWS = YES;
				GENERATE_INFOPLIST_FILE = YES;
				INFOPLIST_FILE = DailyBuckil/Info.plist;
				INFOPLIST_KEY_UIApplicationSceneManifest_Generation = YES;
				INFOPLIST_KEY_UIApplicationSupportsIndirectInputEvents = YES;
				INFOPLIST_KEY_UISupportedInterfaceOrientations_iPad = "UIInterfaceOrientationPortrait UIInterfaceOrientationPortraitUpsideDown UIInterfaceOrientationLandscapeLeft UIInterfaceOrientationLandscapeRight";
				INFOPLIST_KEY_UISupportedInterfaceOrientations_iPhone = "UIInterfaceOrientationPortrait UIInterfaceOrientationLandscapeLeft UIInterfaceOrientationLandscapeRight";
				LD_RUNPATH_SEARCH_PATHS = (
					"$(inherited)",
					"@executable_path/Frameworks",
				);
				MARKETING_VERSION = 1.0;
				PRODUCT_BUNDLE_IDENTIFIER = com.Buckil.DailyBuckil;
				PRODUCT_NAME = "$(TARGET_NAME)";
				SWIFT_EMIT_LOC_STRINGS = YES;
				SWIFT_VERSION = 5.0;
				TARGETED_DEVICE_FAMILY = "1,2";
			};
			name = Release;
		};
		8307F19F2817BDDA00D3937F /* Debug */ = {
			isa = XCBuildConfiguration;
			buildSettings = {
				ALWAYS_EMBED_SWIFT_STANDARD_LIBRARIES = YES;
				BUNDLE_LOADER = "$(TEST_HOST)";
				CODE_SIGN_STYLE = Automatic;
				CURRENT_PROJECT_VERSION = 1;
				GENERATE_INFOPLIST_FILE = YES;
				IPHONEOS_DEPLOYMENT_TARGET = 15.4;
				MARKETING_VERSION = 1.0;
				PRODUCT_BUNDLE_IDENTIFIER = com.Buckil.DailyBuckilTests;
				PRODUCT_NAME = "$(TARGET_NAME)";
				SWIFT_EMIT_LOC_STRINGS = NO;
				SWIFT_VERSION = 5.0;
				TARGETED_DEVICE_FAMILY = "1,2";
				TEST_HOST = "$(BUILT_PRODUCTS_DIR)/DailyBuckil.app/DailyBuckil";
			};
			name = Debug;
		};
		8307F1A02817BDDA00D3937F /* Release */ = {
			isa = XCBuildConfiguration;
			buildSettings = {
				ALWAYS_EMBED_SWIFT_STANDARD_LIBRARIES = YES;
				BUNDLE_LOADER = "$(TEST_HOST)";
				CODE_SIGN_STYLE = Automatic;
				CURRENT_PROJECT_VERSION = 1;
				GENERATE_INFOPLIST_FILE = YES;
				IPHONEOS_DEPLOYMENT_TARGET = 15.4;
				MARKETING_VERSION = 1.0;
				PRODUCT_BUNDLE_IDENTIFIER = com.Buckil.DailyBuckilTests;
				PRODUCT_NAME = "$(TARGET_NAME)";
				SWIFT_EMIT_LOC_STRINGS = NO;
				SWIFT_VERSION = 5.0;
				TARGETED_DEVICE_FAMILY = "1,2";
				TEST_HOST = "$(BUILT_PRODUCTS_DIR)/DailyBuckil.app/DailyBuckil";
			};
			name = Release;
		};
		8307F1A22817BDDA00D3937F /* Debug */ = {
			isa = XCBuildConfiguration;
			buildSettings = {
				ALWAYS_EMBED_SWIFT_STANDARD_LIBRARIES = YES;
				CODE_SIGN_STYLE = Automatic;
				CURRENT_PROJECT_VERSION = 1;
				GENERATE_INFOPLIST_FILE = YES;
				MARKETING_VERSION = 1.0;
				PRODUCT_BUNDLE_IDENTIFIER = com.Buckil.DailyBuckilUITests;
				PRODUCT_NAME = "$(TARGET_NAME)";
				SWIFT_EMIT_LOC_STRINGS = NO;
				SWIFT_VERSION = 5.0;
				TARGETED_DEVICE_FAMILY = "1,2";
				TEST_TARGET_NAME = DailyBuckil;
			};
			name = Debug;
		};
		8307F1A32817BDDA00D3937F /* Release */ = {
			isa = XCBuildConfiguration;
			buildSettings = {
				ALWAYS_EMBED_SWIFT_STANDARD_LIBRARIES = YES;
				CODE_SIGN_STYLE = Automatic;
				CURRENT_PROJECT_VERSION = 1;
				GENERATE_INFOPLIST_FILE = YES;
				MARKETING_VERSION = 1.0;
				PRODUCT_BUNDLE_IDENTIFIER = com.Buckil.DailyBuckilUITests;
				PRODUCT_NAME = "$(TARGET_NAME)";
				SWIFT_EMIT_LOC_STRINGS = NO;
				SWIFT_VERSION = 5.0;
				TARGETED_DEVICE_FAMILY = "1,2";
				TEST_TARGET_NAME = DailyBuckil;
			};
			name = Release;
		};
/* End XCBuildConfiguration section */

/* Begin XCConfigurationList section */
		8307F1722817BDD700D3937F /* Build configuration list for PBXProject "DailyBuckil" */ = {
			isa = XCConfigurationList;
			buildConfigurations = (
				8307F1992817BDDA00D3937F /* Debug */,
				8307F19A2817BDDA00D3937F /* Release */,
			);
			defaultConfigurationIsVisible = 0;
			defaultConfigurationName = Release;
		};
		8307F19B2817BDDA00D3937F /* Build configuration list for PBXNativeTarget "DailyBuckil" */ = {
			isa = XCConfigurationList;
			buildConfigurations = (
				8307F19C2817BDDA00D3937F /* Debug */,
				8307F19D2817BDDA00D3937F /* Release */,
			);
			defaultConfigurationIsVisible = 0;
			defaultConfigurationName = Release;
		};
		8307F19E2817BDDA00D3937F /* Build configuration list for PBXNativeTarget "DailyBuckilTests" */ = {
			isa = XCConfigurationList;
			buildConfigurations = (
				8307F19F2817BDDA00D3937F /* Debug */,
				8307F1A02817BDDA00D3937F /* Release */,
			);
			defaultConfigurationIsVisible = 0;
			defaultConfigurationName = Release;
		};
		8307F1A12817BDDA00D3937F /* Build configuration list for PBXNativeTarget "DailyBuckilUITests" */ = {
			isa = XCConfigurationList;
			buildConfigurations = (
				8307F1A22817BDDA00D3937F /* Debug */,
				8307F1A32817BDDA00D3937F /* Release */,
			);
			defaultConfigurationIsVisible = 0;
			defaultConfigurationName = Release;
		};
/* End XCConfigurationList section */
	};
	rootObject = 8307F16F2817BDD700D3937F /* Project object */;
}
